
Microsoft Visual Studio Solution File, Format Version 12.00
# Visual Studio 15
VisualStudioVersion = 15.0.27703.2026
MinimumVisualStudioVersion = 10.0.40219.1
Project("{9A19103F-16F7-4668-BE54-9A1E7A4F7556}") = "xoGame", "xoGame\xoGame.csproj", "{F2B0DA5F-F486-4D1E-BDC6-911671DCF27D}"
EndProject
Global
	GlobalSection(SolutionConfigurationPlatforms) = preSolution
		Debug|Any CPU = Debug|Any CPU
		Release|Any CPU = Release|Any CPU
	EndGlobalSection
	GlobalSection(ProjectConfigurationPlatforms) = postSolution
		{F2B0DA5F-F486-4D1E-BDC6-911671DCF27D}.Debug|Any CPU.ActiveCfg = Debug|Any CPU
		{F2B0DA5F-F486-4D1E-BDC6-911671DCF27D}.Debug|Any CPU.Build.0 = Debug|Any CPU
		{F2B0DA5F-F486-4D1E-BDC6-911671DCF27D}.Release|Any CPU.ActiveCfg = Release|Any CPU
		{F2B0DA5F-F486-4D1E-BDC6-911671DCF27D}.Release|Any CPU.Build.0 = Release|Any CPU
	EndGlobalSection
	GlobalSection(SolutionProperties) = preSolution
		HideSolutionNode = FALSE
	EndGlobalSection
	GlobalSection(ExtensibilityGlobals) = postSolution
		SolutionGuid = {BDE0449C-AB48-4BC9-A788-1B7D109062E2}
	EndGlobalSection
EndGlobal
