
Microsoft Visual Studio Solution File, Format Version 12.00
# Visual Studio 2012
Project("{FAE04EC0-301F-11D3-BF4B-00C04F79EFBC}") = "stringMethods", "stringMethods\stringMethods.csproj", "{06F20910-7F91-4C34-A090-D742F09A28FE}"
EndProject
Global
	GlobalSection(SolutionConfigurationPlatforms) = preSolution
		Debug|Any CPU = Debug|Any CPU
		Release|Any CPU = Release|Any CPU
	EndGlobalSection
	GlobalSection(ProjectConfigurationPlatforms) = postSolution
		{06F20910-7F91-4C34-A090-D742F09A28FE}.Debug|Any CPU.ActiveCfg = Debug|Any CPU
		{06F20910-7F91-4C34-A090-D742F09A28FE}.Debug|Any CPU.Build.0 = Debug|Any CPU
		{06F20910-7F91-4C34-A090-D742F09A28FE}.Release|Any CPU.ActiveCfg = Release|Any CPU
		{06F20910-7F91-4C34-A090-D742F09A28FE}.Release|Any CPU.Build.0 = Release|Any CPU
	EndGlobalSection
EndGlobal
